// !$*UTF8*$!
{
	archiveVersion = 1;
	classes = {
	};
	objectVersion = 46;
	objects = {

/* Begin PBXBuildFile section */
		2C0537611CBB4A85002A96F5 /* com.emiaostein.fonts.zaozigongfang.miaomiao.ttf in Resources */ = {isa = PBXBuildFile; fileRef = 2C0537601CBB46B7002A96F5 /* com.emiaostein.fonts.zaozigongfang.miaomiao.ttf */; };
		2C2432D41CBB3F320073DA5F /* AppDelegate.swift in Sources */ = {isa = PBXBuildFile; fileRef = 2C2432D31CBB3F320073DA5F /* AppDelegate.swift */; };
		2C2432D61CBB3F320073DA5F /* ViewController.swift in Sources */ = {isa = PBXBuildFile; fileRef = 2C2432D51CBB3F320073DA5F /* ViewController.swift */; };
		2C2432D91CBB3F320073DA5F /* Main.storyboard in Resources */ = {isa = PBXBuildFile; fileRef = 2C2432D71CBB3F320073DA5F /* Main.storyboard */; };
		2C2432DB1CBB3F320073DA5F /* Assets.xcassets in Resources */ = {isa = PBXBuildFile; fileRef = 2C2432DA1CBB3F320073DA5F /* Assets.xcassets */; };
		2C2432DE1CBB3F320073DA5F /* LaunchScreen.storyboard in Resources */ = {isa = PBXBuildFile; fileRef = 2C2432DC1CBB3F320073DA5F /* LaunchScreen.storyboard */; };
		2C2432E91CBB3F320073DA5F /* FontsManagerTests.swift in Sources */ = {isa = PBXBuildFile; fileRef = 2C2432E81CBB3F320073DA5F /* FontsManagerTests.swift */; };
		2C2432F41CBB3F330073DA5F /* FontsManagerUITests.swift in Sources */ = {isa = PBXBuildFile; fileRef = 2C2432F31CBB3F330073DA5F /* FontsManagerUITests.swift */; };
/* End PBXBuildFile section */

/* Begin PBXContainerItemProxy section */
		2C2432E51CBB3F320073DA5F /* PBXContainerItemProxy */ = {
			isa = PBXContainerItemProxy;
			containerPortal = 2C2432C81CBB3F320073DA5F /* Project object */;
			proxyType = 1;
			remoteGlobalIDString = 2C2432CF1CBB3F320073DA5F;
			remoteInfo = FontsManager;
		};
		2C2432F01CBB3F320073DA5F /* PBXContainerItemProxy */ = {
			isa = PBXContainerItemProxy;
			containerPortal = 2C2432C81CBB3F320073DA5F /* Project object */;
			proxyType = 1;
			remoteGlobalIDString = 2C2432CF1CBB3F320073DA5F;
			remoteInfo = FontsManager;
		};
/* End PBXContainerItemProxy section */

/* Begin PBXFileReference section */
		2C0537601CBB46B7002A96F5 /* com.emiaostein.fonts.zaozigongfang.miaomiao.ttf */ = {isa = PBXFileReference; lastKnownFileType = file; path = com.emiaostein.fonts.zaozigongfang.miaomiao.ttf; sourceTree = "<group>"; };
		2C2432D01CBB3F320073DA5F /* FontsManager.app */ = {isa = PBXFileReference; explicitFileType = wrapper.application; includeInIndex = 0; path = FontsManager.app; sourceTree = BUILT_PRODUCTS_DIR; };
		2C2432D31CBB3F320073DA5F /* AppDelegate.swift */ = {isa = PBXFileReference; lastKnownFileType = sourcecode.swift; path = AppDelegate.swift; sourceTree = "<group>"; };
		2C2432D51CBB3F320073DA5F /* ViewController.swift */ = {isa = PBXFileReference; lastKnownFileType = sourcecode.swift; path = ViewController.swift; sourceTree = "<group>"; };
		2C2432D81CBB3F320073DA5F /* Base */ = {isa = PBXFileReference; lastKnownFileType = file.storyboard; name = Base; path = Base.lproj/Main.storyboard; sourceTree = "<group>"; };
		2C2432DA1CBB3F320073DA5F /* Assets.xcassets */ = {isa = PBXFileReference; lastKnownFileType = folder.assetcatalog; path = Assets.xcassets; sourceTree = "<group>"; };
		2C2432DD1CBB3F320073DA5F /* Base */ = {isa = PBXFileReference; lastKnownFileType = file.storyboard; name = Base; path = Base.lproj/LaunchScreen.storyboard; sourceTree = "<group>"; };
		2C2432DF1CBB3F320073DA5F /* Info.plist */ = {isa = PBXFileReference; lastKnownFileType = text.plist.xml; path = Info.plist; sourceTree = "<group>"; };
		2C2432E41CBB3F320073DA5F /* FontsManagerTests.xctest */ = {isa = PBXFileReference; explicitFileType = wrapper.cfbundle; includeInIndex = 0; path = FontsManagerTests.xctest; sourceTree = BUILT_PRODUCTS_DIR; };
		2C2432E81CBB3F320073DA5F /* FontsManagerTests.swift */ = {isa = PBXFileReference; lastKnownFileType = sourcecode.swift; path = FontsManagerTests.swift; sourceTree = "<group>"; };
		2C2432EA1CBB3F320073DA5F /* Info.plist */ = {isa = PBXFileReference; lastKnownFileType = text.plist.xml; path = Info.plist; sourceTree = "<group>"; };
		2C2432EF1CBB3F320073DA5F /* FontsManagerUITests.xctest */ = {isa = PBXFileReference; explicitFileType = wrapper.cfbundle; includeInIndex = 0; path = FontsManagerUITests.xctest; sourceTree = BUILT_PRODUCTS_DIR; };
		2C2432F31CBB3F330073DA5F /* FontsManagerUITests.swift */ = {isa = PBXFileReference; lastKnownFileType = sourcecode.swift; path = FontsManagerUITests.swift; sourceTree = "<group>"; };
		2C2432F51CBB3F330073DA5F /* Info.plist */ = {isa = PBXFileReference; lastKnownFileType = text.plist.xml; path = Info.plist; sourceTree = "<group>"; };
/* End PBXFileReference section */

/* Begin PBXFrameworksBuildPhase section */
		2C2432CD1CBB3F320073DA5F /* Frameworks */ = {
			isa = PBXFrameworksBuildPhase;
			buildActionMask = 2147483647;
			files = (
			);
			runOnlyForDeploymentPostprocessing = 0;
		};
		2C2432E11CBB3F320073DA5F /* Frameworks */ = {
			isa = PBXFrameworksBuildPhase;
			buildActionMask = 2147483647;
			files = (
			);
			runOnlyForDeploymentPostprocessing = 0;
		};
		2C2432EC1CBB3F320073DA5F /* Frameworks */ = {
			isa = PBXFrameworksBuildPhase;
			buildActionMask = 2147483647;
			files = (
			);
			runOnlyForDeploymentPostprocessing = 0;
		};
/* End PBXFrameworksBuildPhase section */

/* Begin PBXGroup section */
		2C2432C71CBB3F320073DA5F = {
			isa = PBXGroup;
			children = (
				2C2432D21CBB3F320073DA5F /* FontsManager */,
				2C2432E71CBB3F320073DA5F /* FontsManagerTests */,
				2C2432F21CBB3F320073DA5F /* FontsManagerUITests */,
				2C2432D11CBB3F320073DA5F /* Products */,
			);
			sourceTree = "<group>";
		};
		2C2432D11CBB3F320073DA5F /* Products */ = {
			isa = PBXGroup;
			children = (
				2C2432D01CBB3F320073DA5F /* FontsManager.app */,
				2C2432E41CBB3F320073DA5F /* FontsManagerTests.xctest */,
				2C2432EF1CBB3F320073DA5F /* FontsManagerUITests.xctest */,
			);
			name = Products;
			sourceTree = "<group>";
		};
		2C2432D21CBB3F320073DA5F /* FontsManager */ = {
			isa = PBXGroup;
			children = (
				2C0537601CBB46B7002A96F5 /* com.emiaostein.fonts.zaozigongfang.miaomiao.ttf */,
				2C2432D31CBB3F320073DA5F /* AppDelegate.swift */,
				2C2432D51CBB3F320073DA5F /* ViewController.swift */,
				2C2432D71CBB3F320073DA5F /* Main.storyboard */,
				2C2432DA1CBB3F320073DA5F /* Assets.xcassets */,
				2C2432DC1CBB3F320073DA5F /* LaunchScreen.storyboard */,
				2C2432DF1CBB3F320073DA5F /* Info.plist */,
			);
			path = FontsManager;
			sourceTree = "<group>";
		};
		2C2432E71CBB3F320073DA5F /* FontsManagerTests */ = {
			isa = PBXGroup;
			children = (
				2C2432E81CBB3F320073DA5F /* FontsManagerTests.swift */,
				2C2432EA1CBB3F320073DA5F /* Info.plist */,
			);
			path = FontsManagerTests;
			sourceTree = "<group>";
		};
		2C2432F21CBB3F320073DA5F /* FontsManagerUITests */ = {
			isa = PBXGroup;
			children = (
				2C2432F31CBB3F330073DA5F /* FontsManagerUITests.swift */,
				2C2432F51CBB3F330073DA5F /* Info.plist */,
			);
			path = FontsManagerUITests;
			sourceTree = "<group>";
		};
/* End PBXGroup section */

/* Begin PBXNativeTarget section */
		2C2432CF1CBB3F320073DA5F /* FontsManager */ = {
			isa = PBXNativeTarget;
			buildConfigurationList = 2C2432F81CBB3F330073DA5F /* Build configuration list for PBXNativeTarget "FontsManager" */;
			buildPhases = (
				2C2432CC1CBB3F320073DA5F /* Sources */,
				2C2432CD1CBB3F320073DA5F /* Frameworks */,
				2C2432CE1CBB3F320073DA5F /* Resources */,
			);
			buildRules = (
			);
			dependencies = (
			);
			name = FontsManager;
			productName = FontsManager;
			productReference = 2C2432D01CBB3F320073DA5F /* FontsManager.app */;
			productType = "com.apple.product-type.application";
		};
		2C2432E31CBB3F320073DA5F /* FontsManagerTests */ = {
			isa = PBXNativeTarget;
			buildConfigurationList = 2C2432FB1CBB3F330073DA5F /* Build configuration list for PBXNativeTarget "FontsManagerTests" */;
			buildPhases = (
				2C2432E01CBB3F320073DA5F /* Sources */,
				2C2432E11CBB3F320073DA5F /* Frameworks */,
				2C2432E21CBB3F320073DA5F /* Resources */,
			);
			buildRules = (
			);
			dependencies = (
				2C2432E61CBB3F320073DA5F /* PBXTargetDependency */,
			);
			name = FontsManagerTests;
			productName = FontsManagerTests;
			productReference = 2C2432E41CBB3F320073DA5F /* FontsManagerTests.xctest */;
			productType = "com.apple.product-type.bundle.unit-test";
		};
		2C2432EE1CBB3F320073DA5F /* FontsManagerUITests */ = {
			isa = PBXNativeTarget;
			buildConfigurationList = 2C2432FE1CBB3F330073DA5F /* Build configuration list for PBXNativeTarget "FontsManagerUITests" */;
			buildPhases = (
				2C2432EB1CBB3F320073DA5F /* Sources */,
				2C2432EC1CBB3F320073DA5F /* Frameworks */,
				2C2432ED1CBB3F320073DA5F /* Resources */,
			);
			buildRules = (
			);
			dependencies = (
				2C2432F11CBB3F320073DA5F /* PBXTargetDependency */,
			);
			name = FontsManagerUITests;
			productName = FontsManagerUITests;
			productReference = 2C2432EF1CBB3F320073DA5F /* FontsManagerUITests.xctest */;
			productType = "com.apple.product-type.bundle.ui-testing";
		};
/* End PBXNativeTarget section */

/* Begin PBXProject section */
		2C2432C81CBB3F320073DA5F /* Project object */ = {
			isa = PBXProject;
			attributes = {
				LastSwiftUpdateCheck = 0730;
				LastUpgradeCheck = 0730;
				ORGANIZATIONNAME = Emiaostein;
				TargetAttributes = {
					2C2432CF1CBB3F320073DA5F = {
						CreatedOnToolsVersion = 7.3;
					};
					2C2432E31CBB3F320073DA5F = {
						CreatedOnToolsVersion = 7.3;
						TestTargetID = 2C2432CF1CBB3F320073DA5F;
					};
					2C2432EE1CBB3F320073DA5F = {
						CreatedOnToolsVersion = 7.3;
						TestTargetID = 2C2432CF1CBB3F320073DA5F;
					};
				};
			};
			buildConfigurationList = 2C2432CB1CBB3F320073DA5F /* Build configuration list for PBXProject "FontsManager" */;
			compatibilityVersion = "Xcode 3.2";
			developmentRegion = English;
			hasScannedForEncodings = 0;
			knownRegions = (
				en,
				Base,
			);
			mainGroup = 2C2432C71CBB3F320073DA5F;
			productRefGroup = 2C2432D11CBB3F320073DA5F /* Products */;
			projectDirPath = "";
			projectRoot = "";
			targets = (
				2C2432CF1CBB3F320073DA5F /* FontsManager */,
				2C2432E31CBB3F320073DA5F /* FontsManagerTests */,
				2C2432EE1CBB3F320073DA5F /* FontsManagerUITests */,
			);
		};
/* End PBXProject section */

/* Begin PBXResourcesBuildPhase section */
		2C2432CE1CBB3F320073DA5F /* Resources */ = {
			isa = PBXResourcesBuildPhase;
			buildActionMask = 2147483647;
			files = (
				2C2432DE1CBB3F320073DA5F /* LaunchScreen.storyboard in Resources */,
				2C2432DB1CBB3F320073DA5F /* Assets.xcassets in Resources */,
				2C0537611CBB4A85002A96F5 /* com.emiaostein.fonts.zaozigongfang.miaomiao.ttf in Resources */,
				2C2432D91CBB3F320073DA5F /* Main.storyboard in Resources */,
			);
			runOnlyForDeploymentPostprocessing = 0;
		};
		2C2432E21CBB3F320073DA5F /* Resources */ = {
			isa = PBXResourcesBuildPhase;
			buildActionMask = 2147483647;
			files = (
			);
			runOnlyForDeploymentPostprocessing = 0;
		};
		2C2432ED1CBB3F320073DA5F /* Resources */ = {
			isa = PBXResourcesBuildPhase;
			buildActionMask = 2147483647;
			files = (
			);
			runOnlyForDeploymentPostprocessing = 0;
		};
/* End PBXResourcesBuildPhase section */

/* Begin PBXSourcesBuildPhase section */
		2C2432CC1CBB3F320073DA5F /* Sources */ = {
			isa = PBXSourcesBuildPhase;
			buildActionMask = 2147483647;
			files = (
				2C2432D61CBB3F320073DA5F /* ViewController.swift in Sources */,
				2C2432D41CBB3F320073DA5F /* AppDelegate.swift in Sources */,
			);
			runOnlyForDeploymentPostprocessing = 0;
		};
		2C2432E01CBB3F320073DA5F /* Sources */ = {
			isa = PBXSourcesBuildPhase;
			buildActionMask = 2147483647;
			files = (
				2C2432E91CBB3F320073DA5F /* FontsManagerTests.swift in Sources */,
			);
			runOnlyForDeploymentPostprocessing = 0;
		};
		2C2432EB1CBB3F320073DA5F /* Sources */ = {
			isa = PBXSourcesBuildPhase;
			buildActionMask = 2147483647;
			files = (
				2C2432F41CBB3F330073DA5F /* FontsManagerUITests.swift in Sources */,
			);
			runOnlyForDeploymentPostprocessing = 0;
		};
/* End PBXSourcesBuildPhase section */

/* Begin PBXTargetDependency section */
		2C2432E61CBB3F320073DA5F /* PBXTargetDependency */ = {
			isa = PBXTargetDependency;
			target = 2C2432CF1CBB3F320073DA5F /* FontsManager */;
			targetProxy = 2C2432E51CBB3F320073DA5F /* PBXContainerItemProxy */;
		};
		2C2432F11CBB3F320073DA5F /* PBXTargetDependency */ = {
			isa = PBXTargetDependency;
			target = 2C2432CF1CBB3F320073DA5F /* FontsManager */;
			targetProxy = 2C2432F01CBB3F320073DA5F /* PBXContainerItemProxy */;
		};
/* End PBXTargetDependency section */

/* Begin PBXVariantGroup section */
		2C2432D71CBB3F320073DA5F /* Main.storyboard */ = {
			isa = PBXVariantGroup;
			children = (
				2C2432D81CBB3F320073DA5F /* Base */,
			);
			name = Main.storyboard;
			sourceTree = "<group>";
		};
		2C2432DC1CBB3F320073DA5F /* LaunchScreen.storyboard */ = {
			isa = PBXVariantGroup;
			children = (
				2C2432DD1CBB3F320073DA5F /* Base */,
			);
			name = LaunchScreen.storyboard;
			sourceTree = "<group>";
		};
/* End PBXVariantGroup section */

/* Begin XCBuildConfiguration section */
		2C2432F61CBB3F330073DA5F /* Debug */ = {
			isa = XCBuildConfiguration;
			buildSettings = {
				ALWAYS_SEARCH_USER_PATHS = NO;
				CLANG_ANALYZER_NONNULL = YES;
				CLANG_CXX_LANGUAGE_STANDARD = "gnu++0x";
				CLANG_CXX_LIBRARY = "libc++";
				CLANG_ENABLE_MODULES = YES;
				CLANG_ENABLE_OBJC_ARC = YES;
				CLANG_WARN_BOOL_CONVERSION = YES;
				CLANG_WARN_CONSTANT_CONVERSION = YES;
				CLANG_WARN_DIRECT_OBJC_ISA_USAGE = YES_ERROR;
				CLANG_WARN_EMPTY_BODY = YES;
				CLANG_WARN_ENUM_CONVERSION = YES;
				CLANG_WARN_INT_CONVERSION = YES;
				CLANG_WARN_OBJC_ROOT_CLASS = YES_ERROR;
				CLANG_WARN_UNREACHABLE_CODE = YES;
				CLANG_WARN__DUPLICATE_METHOD_MATCH = YES;
				"CODE_SIGN_IDENTITY[sdk=iphoneos*]" = "iPhone Developer";
				COPY_PHASE_STRIP = NO;
				DEBUG_INFORMATION_FORMAT = dwarf;
				ENABLE_STRICT_OBJC_MSGSEND = YES;
				ENABLE_TESTABILITY = YES;
				GCC_C_LANGUAGE_STANDARD = gnu99;
				GCC_DYNAMIC_NO_PIC = NO;
				GCC_NO_COMMON_BLOCKS = YES;
				GCC_OPTIMIZATION_LEVEL = 0;
				GCC_PREPROCESSOR_DEFINITIONS = (
					"DEBUG=1",
					"$(inherited)",
				);
				GCC_WARN_64_TO_32_BIT_CONVERSION = YES;
				GCC_WARN_ABOUT_RETURN_TYPE = YES_ERROR;
				GCC_WARN_UNDECLARED_SELECTOR = YES;
				GCC_WARN_UNINITIALIZED_AUTOS = YES_AGGRESSIVE;
				GCC_WARN_UNUSED_FUNCTION = YES;
				GCC_WARN_UNUSED_VARIABLE = YES;
				IPHONEOS_DEPLOYMENT_TARGET = 9.3;
				MTL_ENABLE_DEBUG_INFO = YES;
				ONLY_ACTIVE_ARCH = YES;
				SDKROOT = iphoneos;
				SWIFT_OPTIMIZATION_LEVEL = "-Onone";
			};
			name = Debug;
		};
		2C2432F71CBB3F330073DA5F /* Release */ = {
			isa = XCBuildConfiguration;
			buildSettings = {
				ALWAYS_SEARCH_USER_PATHS = NO;
				CLANG_ANALYZER_NONNULL = YES;
				CLANG_CXX_LANGUAGE_STANDARD = "gnu++0x";
				CLANG_CXX_LIBRARY = "libc++";
				CLANG_ENABLE_MODULES = YES;
				CLANG_ENABLE_OBJC_ARC = YES;
				CLANG_WARN_BOOL_CONVERSION = YES;
				CLANG_WARN_CONSTANT_CONVERSION = YES;
				CLANG_WARN_DIRECT_OBJC_ISA_USAGE = YES_ERROR;
				CLANG_WARN_EMPTY_BODY = YES;
				CLANG_WARN_ENUM_CONVERSION = YES;
				CLANG_WARN_INT_CONVERSION = YES;
				CLANG_WARN_OBJC_ROOT_CLASS = YES_ERROR;
				CLANG_WARN_UNREACHABLE_CODE = YES;
				CLANG_WARN__DUPLICATE_METHOD_MATCH = YES;
				"CODE_SIGN_IDENTITY[sdk=iphoneos*]" = "iPhone Developer";
				COPY_PHASE_STRIP = NO;
				DEBUG_INFORMATION_FORMAT = "dwarf-with-dsym";
				ENABLE_NS_ASSERTIONS = NO;
				ENABLE_STRICT_OBJC_MSGSEND = YES;
				GCC_C_LANGUAGE_STANDARD = gnu99;
				GCC_NO_COMMON_BLOCKS = YES;
				GCC_WARN_64_TO_32_BIT_CONVERSION = YES;
				GCC_WARN_ABOUT_RETURN_TYPE = YES_ERROR;
				GCC_WARN_UNDECLARED_SELECTOR = YES;
				GCC_WARN_UNINITIALIZED_AUTOS = YES_AGGRESSIVE;
				GCC_WARN_UNUSED_FUNCTION = YES;
				GCC_WARN_UNUSED_VARIABLE = YES;
				IPHONEOS_DEPLOYMENT_TARGET = 9.3;
				MTL_ENABLE_DEBUG_INFO = NO;
				SDKROOT = iphoneos;
				VALIDATE_PRODUCT = YES;
			};
			name = Release;
		};
		2C2432F91CBB3F330073DA5F /* Debug */ = {
			isa = XCBuildConfiguration;
			buildSettings = {
				ASSETCATALOG_COMPILER_APPICON_NAME = AppIcon;
				INFOPLIST_FILE = FontsManager/Info.plist;
				LD_RUNPATH_SEARCH_PATHS = "$(inherited) @executable_path/Frameworks";
				PRODUCT_BUNDLE_IDENTIFIER = com.botai.FontsManager;
				PRODUCT_NAME = "$(TARGET_NAME)";
			};
			name = Debug;
		};
		2C2432FA1CBB3F330073DA5F /* Release */ = {
			isa = XCBuildConfiguration;
			buildSettings = {
				ASSETCATALOG_COMPILER_APPICON_NAME = AppIcon;
				INFOPLIST_FILE = FontsManager/Info.plist;
				LD_RUNPATH_SEARCH_PATHS = "$(inherited) @executable_path/Frameworks";
				PRODUCT_BUNDLE_IDENTIFIER = com.botai.FontsManager;
				PRODUCT_NAME = "$(TARGET_NAME)";
			};
			name = Release;
		};
		2C2432FC1CBB3F330073DA5F /* Debug */ = {
			isa = XCBuildConfiguration;
			buildSettings = {
				BUNDLE_LOADER = "$(TEST_HOST)";
				INFOPLIST_FILE = FontsManagerTests/Info.plist;
				LD_RUNPATH_SEARCH_PATHS = "$(inherited) @executable_path/Frameworks @loader_path/Frameworks";
				PRODUCT_BUNDLE_IDENTIFIER = com.botai.FontsManagerTests;
				PRODUCT_NAME = "$(TARGET_NAME)";
				TEST_HOST = "$(BUILT_PRODUCTS_DIR)/FontsManager.app/FontsManager";
			};
			name = Debug;
		};
		2C2432FD1CBB3F330073DA5F /* Release */ = {
			isa = XCBuildConfiguration;
			buildSettings = {
				BUNDLE_LOADER = "$(TEST_HOST)";
				INFOPLIST_FILE = FontsManagerTests/Info.plist;
				LD_RUNPATH_SEARCH_PATHS = "$(inherited) @executable_path/Frameworks @loader_path/Frameworks";
				PRODUCT_BUNDLE_IDENTIFIER = com.botai.FontsManagerTests;
				PRODUCT_NAME = "$(TARGET_NAME)";
				TEST_HOST = "$(BUILT_PRODUCTS_DIR)/FontsManager.app/FontsManager";
			};
			name = Release;
		};
		2C2432FF1CBB3F330073DA5F /* Debug */ = {
			isa = XCBuildConfiguration;
			buildSettings = {
				INFOPLIST_FILE = FontsManagerUITests/Info.plist;
				LD_RUNPATH_SEARCH_PATHS = "$(inherited) @executable_path/Frameworks @loader_path/Frameworks";
				PRODUCT_BUNDLE_IDENTIFIER = com.botai.FontsManagerUITests;
				PRODUCT_NAME = "$(TARGET_NAME)";
				TEST_TARGET_NAME = FontsManager;
			};
			name = Debug;
		};
		2C2433001CBB3F330073DA5F /* Release */ = {
			isa = XCBuildConfiguration;
			buildSettings = {
				INFOPLIST_FILE = FontsManagerUITests/Info.plist;
				LD_RUNPATH_SEARCH_PATHS = "$(inherited) @executable_path/Frameworks @loader_path/Frameworks";
				PRODUCT_BUNDLE_IDENTIFIER = com.botai.FontsManagerUITests;
				PRODUCT_NAME = "$(TARGET_NAME)";
				TEST_TARGET_NAME = FontsManager;
			};
			name = Release;
		};
/* End XCBuildConfiguration section */

/* Begin XCConfigurationList section */
		2C2432CB1CBB3F320073DA5F /* Build configuration list for PBXProject "FontsManager" */ = {
			isa = XCConfigurationList;
			buildConfigurations = (
				2C2432F61CBB3F330073DA5F /* Debug */,
				2C2432F71CBB3F330073DA5F /* Release */,
			);
			defaultConfigurationIsVisible = 0;
			defaultConfigurationName = Release;
		};
		2C2432F81CBB3F330073DA5F /* Build configuration list for PBXNativeTarget "FontsManager" */ = {
			isa = XCConfigurationList;
			buildConfigurations = (
				2C2432F91CBB3F330073DA5F /* Debug */,
				2C2432FA1CBB3F330073DA5F /* Release */,
			);
			defaultConfigurationIsVisible = 0;
			defaultConfigurationName = Release;
		};
		2C2432FB1CBB3F330073DA5F /* Build configuration list for PBXNativeTarget "FontsManagerTests" */ = {
			isa = XCConfigurationList;
			buildConfigurations = (
				2C2432FC1CBB3F330073DA5F /* Debug */,
				2C2432FD1CBB3F330073DA5F /* Release */,
			);
			defaultConfigurationIsVisible = 0;
			defaultConfigurationName = Release;
		};
		2C2432FE1CBB3F330073DA5F /* Build configuration list for PBXNativeTarget "FontsManagerUITests" */ = {
			isa = XCConfigurationList;
			buildConfigurations = (
				2C2432FF1CBB3F330073DA5F /* Debug */,
				2C2433001CBB3F330073DA5F /* Release */,
			);
			defaultConfigurationIsVisible = 0;
			defaultConfigurationName = Release;
		};
/* End XCConfigurationList section */
	};
	rootObject = 2C2432C81CBB3F320073DA5F /* Project object */;
}
